
Microsoft Visual Studio Solution File, Format Version 12.00
# Visual Studio 15
VisualStudioVersion = 15.0.27428.2037
MinimumVisualStudioVersion = 10.0.40219.1
Project("{2150E333-8FDC-42A3-9474-1A3956D46DE8}") = "PuzzleMangement", "PuzzleMangement", "{F80C99BB-9777-4753-A069-32AF0903B0F9}"
EndProject
Project("{FAE04EC0-301F-11D3-BF4B-00C04F79EFBC}") = "PuzzleManagement.Core", "PuzzleManagement.Core\PuzzleManagement.Core.csproj", "{4C92E1ED-746F-43C7-99CC-791A08A9BD70}"
EndProject
Project("{FAE04EC0-301F-11D3-BF4B-00C04F79EFBC}") = "PuzzleManagement.Tests", "PuzzleManagement.Tests\PuzzleManagement.Tests.csproj", "{F6BC7066-9C00-4726-B88D-77EE1F13831A}"
EndProject
Project("{FAE04EC0-301F-11D3-BF4B-00C04F79EFBC}") = "PuzzleManagement.Persistence", "PuzzleManagement.Persistence\PuzzleManagement.Persistence.csproj", "{6C997ED2-7913-4431-89C6-75F137893963}"
EndProject
Project("{2150E333-8FDC-42A3-9474-1A3956D46DE8}") = "Client", "Client", "{5942432A-3F83-4FFD-8235-40FE16ED094B}"
EndProject
Project("{FAE04EC0-301F-11D3-BF4B-00C04F79EFBC}") = "Sudoku.Client", "Sudoku.Client\Sudoku.Client.csproj", "{513CD391-C595-45A1-B4E9-3F296513528B}"
EndProject
Project("{FAE04EC0-301F-11D3-BF4B-00C04F79EFBC}") = "Sudoku.ApplicationLayer", "Sudoku.ApplicationLayer\Sudoku.ApplicationLayer.csproj", "{2C4D0BB5-90E6-493A-86C2-8B5CB900CE07}"
EndProject
Project("{FAE04EC0-301F-11D3-BF4B-00C04F79EFBC}") = "SudokuClient.Tests", "SudokuClient.Tests\SudokuClient.Tests.csproj", "{62AA3317-2DCF-4710-875A-17CAC06BBA14}"
EndProject
Project("{2150E333-8FDC-42A3-9474-1A3956D46DE8}") = "Installer", "Installer", "{44637B66-F73B-4A2B-89DD-35792B42258A}"
EndProject
Project("{54435603-DBB4-11D2-8724-00A0C9A8B90C}") = "Sudoku Game And Solver", "Sudoku Game And Solver\Sudoku Game And Solver.vdproj", "{4F2A4B0C-C3EB-4C76-8E39-A3EA1727AF30}"
EndProject
Global
	GlobalSection(SolutionConfigurationPlatforms) = preSolution
		Debug|Any CPU = Debug|Any CPU
		Release|Any CPU = Release|Any CPU
	EndGlobalSection
	GlobalSection(ProjectConfigurationPlatforms) = postSolution
		{4C92E1ED-746F-43C7-99CC-791A08A9BD70}.Debug|Any CPU.ActiveCfg = Debug|Any CPU
		{4C92E1ED-746F-43C7-99CC-791A08A9BD70}.Debug|Any CPU.Build.0 = Debug|Any CPU
		{4C92E1ED-746F-43C7-99CC-791A08A9BD70}.Release|Any CPU.ActiveCfg = Release|Any CPU
		{4C92E1ED-746F-43C7-99CC-791A08A9BD70}.Release|Any CPU.Build.0 = Release|Any CPU
		{F6BC7066-9C00-4726-B88D-77EE1F13831A}.Debug|Any CPU.ActiveCfg = Debug|Any CPU
		{F6BC7066-9C00-4726-B88D-77EE1F13831A}.Debug|Any CPU.Build.0 = Debug|Any CPU
		{F6BC7066-9C00-4726-B88D-77EE1F13831A}.Release|Any CPU.ActiveCfg = Release|Any CPU
		{F6BC7066-9C00-4726-B88D-77EE1F13831A}.Release|Any CPU.Build.0 = Release|Any CPU
		{6C997ED2-7913-4431-89C6-75F137893963}.Debug|Any CPU.ActiveCfg = Debug|Any CPU
		{6C997ED2-7913-4431-89C6-75F137893963}.Debug|Any CPU.Build.0 = Debug|Any CPU
		{6C997ED2-7913-4431-89C6-75F137893963}.Release|Any CPU.ActiveCfg = Release|Any CPU
		{6C997ED2-7913-4431-89C6-75F137893963}.Release|Any CPU.Build.0 = Release|Any CPU
		{513CD391-C595-45A1-B4E9-3F296513528B}.Debug|Any CPU.ActiveCfg = Debug|Any CPU
		{513CD391-C595-45A1-B4E9-3F296513528B}.Debug|Any CPU.Build.0 = Debug|Any CPU
		{513CD391-C595-45A1-B4E9-3F296513528B}.Release|Any CPU.ActiveCfg = Release|Any CPU
		{513CD391-C595-45A1-B4E9-3F296513528B}.Release|Any CPU.Build.0 = Release|Any CPU
		{2C4D0BB5-90E6-493A-86C2-8B5CB900CE07}.Debug|Any CPU.ActiveCfg = Debug|Any CPU
		{2C4D0BB5-90E6-493A-86C2-8B5CB900CE07}.Debug|Any CPU.Build.0 = Debug|Any CPU
		{2C4D0BB5-90E6-493A-86C2-8B5CB900CE07}.Release|Any CPU.ActiveCfg = Release|Any CPU
		{2C4D0BB5-90E6-493A-86C2-8B5CB900CE07}.Release|Any CPU.Build.0 = Release|Any CPU
		{62AA3317-2DCF-4710-875A-17CAC06BBA14}.Debug|Any CPU.ActiveCfg = Debug|Any CPU
		{62AA3317-2DCF-4710-875A-17CAC06BBA14}.Debug|Any CPU.Build.0 = Debug|Any CPU
		{62AA3317-2DCF-4710-875A-17CAC06BBA14}.Release|Any CPU.ActiveCfg = Release|Any CPU
		{62AA3317-2DCF-4710-875A-17CAC06BBA14}.Release|Any CPU.Build.0 = Release|Any CPU
		{4F2A4B0C-C3EB-4C76-8E39-A3EA1727AF30}.Debug|Any CPU.ActiveCfg = Debug
		{4F2A4B0C-C3EB-4C76-8E39-A3EA1727AF30}.Release|Any CPU.ActiveCfg = Release
	EndGlobalSection
	GlobalSection(SolutionProperties) = preSolution
		HideSolutionNode = FALSE
	EndGlobalSection
	GlobalSection(NestedProjects) = preSolution
		{4C92E1ED-746F-43C7-99CC-791A08A9BD70} = {F80C99BB-9777-4753-A069-32AF0903B0F9}
		{F6BC7066-9C00-4726-B88D-77EE1F13831A} = {F80C99BB-9777-4753-A069-32AF0903B0F9}
		{6C997ED2-7913-4431-89C6-75F137893963} = {F80C99BB-9777-4753-A069-32AF0903B0F9}
		{513CD391-C595-45A1-B4E9-3F296513528B} = {5942432A-3F83-4FFD-8235-40FE16ED094B}
		{2C4D0BB5-90E6-493A-86C2-8B5CB900CE07} = {5942432A-3F83-4FFD-8235-40FE16ED094B}
		{62AA3317-2DCF-4710-875A-17CAC06BBA14} = {5942432A-3F83-4FFD-8235-40FE16ED094B}
		{4F2A4B0C-C3EB-4C76-8E39-A3EA1727AF30} = {44637B66-F73B-4A2B-89DD-35792B42258A}
	EndGlobalSection
	GlobalSection(ExtensibilityGlobals) = postSolution
		SolutionGuid = {9C3CB9DD-58D0-4B12-9A0A-24A8E071A362}
	EndGlobalSection
EndGlobal
